github.com/simonmartyr/toogoodtogogo v0.0.0-20231006151058-7ede43e5b41c h1:qqmXb/KICds5wRQ1rmR4GBwjUAlGh6kqHg0777dkvYE=
github.com/simonmartyr/toogoodtogogo v0.0.0-20231006151058-7ede43e5b41c/go.mod h1:L5ozlsi28CHK6qHGoMrSWE3PFh0RrDkWc4NMa9b/x6E=
github.com/simonmartyr/toogoodtogogo v0.0.0-20231006155048-94840cadbd78 h1:n+G0pQAeQb9zjaS4pZ9QG1TNqzU2dl3yDODKOB8hXuQ=
github.com/simonmartyr/toogoodtogogo v0.0.0-20231006155048-94840cadbd78/go.mod h1:L5ozlsi28CHK6qHGoMrSWE3PFh0RrDkWc4NMa9b/x6E=
github.com/simonmartyr/toogoodtogogo v0.0.0-20231010094458-a97179615196 h1:OKRvZTqN5C1zgU88WefBHf9RJ9vBkMLFkuJgMDHYles=
github.com/simonmartyr/toogoodtogogo v0.0.0-20231010094458-a97179615196/go.mod h1:L5ozlsi28CHK6qHGoMrSWE3PFh0RrDkWc4NMa9b/x6E=
